
Microsoft Visual Studio Solution File, Format Version 12.00
# Visual Studio Version 17
VisualStudioVersion = 17.11.35327.3
MinimumVisualStudioVersion = 10.0.40219.1
Project("{9A19103F-16F7-4668-BE54-9A1E7A4F7556}") = "todolist-api", "todolist-api.csproj", "{CF4EBCB1-E80D-471D-AE0D-120852DA91D4}"
EndProject
Project("{2150E333-8FDC-42A3-9474-1A3956D46DE8}") = "Elementos de la solución", "Elementos de la solución", "{801603DE-7E98-482B-8131-2EEC260A919E}"
	ProjectSection(SolutionItems) = preProject
		appsettings.example.json = appsettings.example.json
	EndProjectSection
EndProject
Global
	GlobalSection(SolutionConfigurationPlatforms) = preSolution
		Debug|Any CPU = Debug|Any CPU
		Release|Any CPU = Release|Any CPU
	EndGlobalSection
	GlobalSection(ProjectConfigurationPlatforms) = postSolution
		{CF4EBCB1-E80D-471D-AE0D-120852DA91D4}.Debug|Any CPU.ActiveCfg = Debug|Any CPU
		{CF4EBCB1-E80D-471D-AE0D-120852DA91D4}.Debug|Any CPU.Build.0 = Debug|Any CPU
		{CF4EBCB1-E80D-471D-AE0D-120852DA91D4}.Release|Any CPU.ActiveCfg = Release|Any CPU
		{CF4EBCB1-E80D-471D-AE0D-120852DA91D4}.Release|Any CPU.Build.0 = Release|Any CPU
	EndGlobalSection
	GlobalSection(SolutionProperties) = preSolution
		HideSolutionNode = FALSE
	EndGlobalSection
	GlobalSection(ExtensibilityGlobals) = postSolution
		SolutionGuid = {59E15E9B-D010-47F4-9735-E528364C3B5A}
	EndGlobalSection
EndGlobal
